
Microsoft Visual Studio Solution File, Format Version 12.00
# Visual Studio 15
VisualStudioVersion = 15.0.26430.6
MinimumVisualStudioVersion = 10.0.40219.1
Project("{FAE04EC0-301F-11D3-BF4B-00C04F79EFBC}") = "NhatSim.Common", "NhatSim.Common\NhatSim.Common.csproj", "{1B6524F9-51F8-4B76-AE1C-4CF0AFC99B06}"
EndProject
Project("{FAE04EC0-301F-11D3-BF4B-00C04F79EFBC}") = "NhatSim.Data", "NhatSim.Data\NhatSim.Data.csproj", "{9E2E401F-4097-4AF3-98A0-0D532B6C2815}"
EndProject
Project("{FAE04EC0-301F-11D3-BF4B-00C04F79EFBC}") = "NhatSim.Model", "NhatSim.Model\NhatSim.Model.csproj", "{2BED0BCF-6124-46C6-94F3-BC2218860C56}"
EndProject
Project("{FAE04EC0-301F-11D3-BF4B-00C04F79EFBC}") = "NhatSim.Service", "NhatSim.Service\NhatSim.Service.csproj", "{B8C14110-C23B-4C73-B299-CB46C4CFD10C}"
EndProject
Project("{FAE04EC0-301F-11D3-BF4B-00C04F79EFBC}") = "NhatSim.UnitTest", "NhatSim.UnitTest\NhatSim.UnitTest.csproj", "{6D9794A1-36CD-4BE1-84A5-1FE2064EB1B3}"
EndProject
Project("{FAE04EC0-301F-11D3-BF4B-00C04F79EFBC}") = "NhatSim.Web", "NhatSim.Web\NhatSim.Web.csproj", "{A04B9A9C-CE70-4A04-8DB7-C7C342A8E11B}"
EndProject
Project("{E24C65DC-7377-472B-9ABA-BC803B73C61A}") = "NhatSim.App", "NhatSim.App\", "{AB247C48-7F98-42B5-8FE6-1084829368F9}"
	ProjectSection(WebsiteProperties) = preProject
		TargetFrameworkMoniker = ".NETFramework,Version%3Dv4.0"
		Debug.AspNetCompiler.VirtualPath = "/localhost_57357"
		Debug.AspNetCompiler.PhysicalPath = "NhatSim.App\"
		Debug.AspNetCompiler.TargetPath = "PrecompiledWeb\localhost_57357\"
		Debug.AspNetCompiler.Updateable = "true"
		Debug.AspNetCompiler.ForceOverwrite = "true"
		Debug.AspNetCompiler.FixedNames = "false"
		Debug.AspNetCompiler.Debug = "True"
		Release.AspNetCompiler.VirtualPath = "/localhost_57357"
		Release.AspNetCompiler.PhysicalPath = "NhatSim.App\"
		Release.AspNetCompiler.TargetPath = "PrecompiledWeb\localhost_57357\"
		Release.AspNetCompiler.Updateable = "true"
		Release.AspNetCompiler.ForceOverwrite = "true"
		Release.AspNetCompiler.FixedNames = "false"
		Release.AspNetCompiler.Debug = "False"
		VWDPort = "57357"
		SlnRelativePath = "NhatSim.App\"
	EndProjectSection
EndProject
Global
	GlobalSection(SolutionConfigurationPlatforms) = preSolution
		Debug|Any CPU = Debug|Any CPU
		Release|Any CPU = Release|Any CPU
	EndGlobalSection
	GlobalSection(ProjectConfigurationPlatforms) = postSolution
		{1B6524F9-51F8-4B76-AE1C-4CF0AFC99B06}.Debug|Any CPU.ActiveCfg = Debug|Any CPU
		{1B6524F9-51F8-4B76-AE1C-4CF0AFC99B06}.Debug|Any CPU.Build.0 = Debug|Any CPU
		{1B6524F9-51F8-4B76-AE1C-4CF0AFC99B06}.Release|Any CPU.ActiveCfg = Release|Any CPU
		{1B6524F9-51F8-4B76-AE1C-4CF0AFC99B06}.Release|Any CPU.Build.0 = Release|Any CPU
		{9E2E401F-4097-4AF3-98A0-0D532B6C2815}.Debug|Any CPU.ActiveCfg = Debug|Any CPU
		{9E2E401F-4097-4AF3-98A0-0D532B6C2815}.Debug|Any CPU.Build.0 = Debug|Any CPU
		{9E2E401F-4097-4AF3-98A0-0D532B6C2815}.Release|Any CPU.ActiveCfg = Release|Any CPU
		{9E2E401F-4097-4AF3-98A0-0D532B6C2815}.Release|Any CPU.Build.0 = Release|Any CPU
		{2BED0BCF-6124-46C6-94F3-BC2218860C56}.Debug|Any CPU.ActiveCfg = Debug|Any CPU
		{2BED0BCF-6124-46C6-94F3-BC2218860C56}.Debug|Any CPU.Build.0 = Debug|Any CPU
		{2BED0BCF-6124-46C6-94F3-BC2218860C56}.Release|Any CPU.ActiveCfg = Release|Any CPU
		{2BED0BCF-6124-46C6-94F3-BC2218860C56}.Release|Any CPU.Build.0 = Release|Any CPU
		{B8C14110-C23B-4C73-B299-CB46C4CFD10C}.Debug|Any CPU.ActiveCfg = Debug|Any CPU
		{B8C14110-C23B-4C73-B299-CB46C4CFD10C}.Debug|Any CPU.Build.0 = Debug|Any CPU
		{B8C14110-C23B-4C73-B299-CB46C4CFD10C}.Release|Any CPU.ActiveCfg = Release|Any CPU
		{B8C14110-C23B-4C73-B299-CB46C4CFD10C}.Release|Any CPU.Build.0 = Release|Any CPU
		{6D9794A1-36CD-4BE1-84A5-1FE2064EB1B3}.Debug|Any CPU.ActiveCfg = Debug|Any CPU
		{6D9794A1-36CD-4BE1-84A5-1FE2064EB1B3}.Debug|Any CPU.Build.0 = Debug|Any CPU
		{6D9794A1-36CD-4BE1-84A5-1FE2064EB1B3}.Release|Any CPU.ActiveCfg = Release|Any CPU
		{6D9794A1-36CD-4BE1-84A5-1FE2064EB1B3}.Release|Any CPU.Build.0 = Release|Any CPU
		{A04B9A9C-CE70-4A04-8DB7-C7C342A8E11B}.Debug|Any CPU.ActiveCfg = Debug|Any CPU
		{A04B9A9C-CE70-4A04-8DB7-C7C342A8E11B}.Debug|Any CPU.Build.0 = Debug|Any CPU
		{A04B9A9C-CE70-4A04-8DB7-C7C342A8E11B}.Release|Any CPU.ActiveCfg = Release|Any CPU
		{A04B9A9C-CE70-4A04-8DB7-C7C342A8E11B}.Release|Any CPU.Build.0 = Release|Any CPU
		{AB247C48-7F98-42B5-8FE6-1084829368F9}.Debug|Any CPU.ActiveCfg = Debug|Any CPU
		{AB247C48-7F98-42B5-8FE6-1084829368F9}.Debug|Any CPU.Build.0 = Debug|Any CPU
		{AB247C48-7F98-42B5-8FE6-1084829368F9}.Release|Any CPU.ActiveCfg = Debug|Any CPU
		{AB247C48-7F98-42B5-8FE6-1084829368F9}.Release|Any CPU.Build.0 = Debug|Any CPU
	EndGlobalSection
	GlobalSection(SolutionProperties) = preSolution
		HideSolutionNode = FALSE
	EndGlobalSection
EndGlobal
